
Microsoft Visual Studio Solution File, Format Version 12.00
# Visual Studio 15
VisualStudioVersion = 15.0.28010.2036
MinimumVisualStudioVersion = 10.0.40219.1
Project("{FAE04EC0-301F-11D3-BF4B-00C04F79EFBC}") = "Papacito-KV", "Papacito-KV\Papacito-KV.csproj", "{009BC84A-A4B6-4855-ACAC-9CA71DA9BA08}"
EndProject
Global
	GlobalSection(SolutionConfigurationPlatforms) = preSolution
		Debug|Any CPU = Debug|Any CPU
		Release|Any CPU = Release|Any CPU
	EndGlobalSection
	GlobalSection(ProjectConfigurationPlatforms) = postSolution
		{009BC84A-A4B6-4855-ACAC-9CA71DA9BA08}.Debug|Any CPU.ActiveCfg = Debug|Any CPU
		{009BC84A-A4B6-4855-ACAC-9CA71DA9BA08}.Debug|Any CPU.Build.0 = Debug|Any CPU
		{009BC84A-A4B6-4855-ACAC-9CA71DA9BA08}.Release|Any CPU.ActiveCfg = Release|Any CPU
		{009BC84A-A4B6-4855-ACAC-9CA71DA9BA08}.Release|Any CPU.Build.0 = Release|Any CPU
	EndGlobalSection
	GlobalSection(SolutionProperties) = preSolution
		HideSolutionNode = FALSE
	EndGlobalSection
	GlobalSection(ExtensibilityGlobals) = postSolution
		SolutionGuid = {1FD02E6A-FB7B-4659-B3EB-7ADDCB9D125E}
	EndGlobalSection
EndGlobal
